
Microsoft Visual Studio Solution File, Format Version 12.00
# Visual Studio 2012
Project("{FAE04EC0-301F-11D3-BF4B-00C04F79EFBC}") = "KR.App", "KRApp\KR.App.csproj", "{7BBB722C-8DF0-4A81-B53A-E346D8AA706D}"
EndProject
Project("{FAE04EC0-301F-11D3-BF4B-00C04F79EFBC}") = "KR.Business", "KR.Business\KR.Business.csproj", "{D528A214-7053-45D7-B79F-D538D8B3C2FF}"
EndProject
Project("{FAE04EC0-301F-11D3-BF4B-00C04F79EFBC}") = "KR.DataAccess", "KR.DataAccess\KR.DataAccess.csproj", "{71E6DB8B-4386-4DC6-932C-D5EC2EF28777}"
EndProject
Global
	GlobalSection(SolutionConfigurationPlatforms) = preSolution
		Debug|Any CPU = Debug|Any CPU
		Release|Any CPU = Release|Any CPU
	EndGlobalSection
	GlobalSection(ProjectConfigurationPlatforms) = postSolution
		{7BBB722C-8DF0-4A81-B53A-E346D8AA706D}.Debug|Any CPU.ActiveCfg = Debug|Any CPU
		{7BBB722C-8DF0-4A81-B53A-E346D8AA706D}.Debug|Any CPU.Build.0 = Debug|Any CPU
		{7BBB722C-8DF0-4A81-B53A-E346D8AA706D}.Release|Any CPU.ActiveCfg = Release|Any CPU
		{7BBB722C-8DF0-4A81-B53A-E346D8AA706D}.Release|Any CPU.Build.0 = Release|Any CPU
		{D528A214-7053-45D7-B79F-D538D8B3C2FF}.Debug|Any CPU.ActiveCfg = Debug|Any CPU
		{D528A214-7053-45D7-B79F-D538D8B3C2FF}.Debug|Any CPU.Build.0 = Debug|Any CPU
		{D528A214-7053-45D7-B79F-D538D8B3C2FF}.Release|Any CPU.ActiveCfg = Release|Any CPU
		{D528A214-7053-45D7-B79F-D538D8B3C2FF}.Release|Any CPU.Build.0 = Release|Any CPU
		{71E6DB8B-4386-4DC6-932C-D5EC2EF28777}.Debug|Any CPU.ActiveCfg = Debug|Any CPU
		{71E6DB8B-4386-4DC6-932C-D5EC2EF28777}.Debug|Any CPU.Build.0 = Debug|Any CPU
		{71E6DB8B-4386-4DC6-932C-D5EC2EF28777}.Release|Any CPU.ActiveCfg = Release|Any CPU
		{71E6DB8B-4386-4DC6-932C-D5EC2EF28777}.Release|Any CPU.Build.0 = Release|Any CPU
	EndGlobalSection
	GlobalSection(SolutionProperties) = preSolution
		HideSolutionNode = FALSE
	EndGlobalSection
	GlobalSection(ExtensibilityGlobals) = postSolution
		VisualSVNWorkingCopyRoot = .
	EndGlobalSection
EndGlobal
